
Microsoft Visual Studio Solution File, Format Version 12.00
Project("{FAE04EC0-301F-11D3-BF4B-00C04F79EFBC}") = "IDLImporter", "IDLImporter\IDLImporter.csproj", "{D23CFDE1-DF89-433E-BE88-6C08279F7349}"
EndProject
Project("{FAE04EC0-301F-11D3-BF4B-00C04F79EFBC}") = "IDLImp", "IdlImpTool\IDLImp.csproj", "{B5904870-00F3-4833-A981-E22B79A16106}"
EndProject
Project("{FAE04EC0-301F-11D3-BF4B-00C04F79EFBC}") = "IDLImporterTests", "IDLImporterTests\IDLImporterTests.csproj", "{6E18BE34-1CF5-48EA-9C47-F0E89A32E648}"
EndProject
Global
	GlobalSection(SolutionConfigurationPlatforms) = preSolution
		Debug|Any CPU = Debug|Any CPU
		Release|Any CPU = Release|Any CPU
	EndGlobalSection
	GlobalSection(ProjectConfigurationPlatforms) = postSolution
		{D23CFDE1-DF89-433E-BE88-6C08279F7349}.Debug|Any CPU.ActiveCfg = Debug|Any CPU
		{D23CFDE1-DF89-433E-BE88-6C08279F7349}.Debug|Any CPU.Build.0 = Debug|Any CPU
		{D23CFDE1-DF89-433E-BE88-6C08279F7349}.Release|Any CPU.ActiveCfg = Release|Any CPU
		{D23CFDE1-DF89-433E-BE88-6C08279F7349}.Release|Any CPU.Build.0 = Release|Any CPU
		{B5904870-00F3-4833-A981-E22B79A16106}.Debug|Any CPU.ActiveCfg = Debug|Any CPU
		{B5904870-00F3-4833-A981-E22B79A16106}.Debug|Any CPU.Build.0 = Debug|Any CPU
		{B5904870-00F3-4833-A981-E22B79A16106}.Release|Any CPU.ActiveCfg = Release|Any CPU
		{B5904870-00F3-4833-A981-E22B79A16106}.Release|Any CPU.Build.0 = Release|Any CPU
		{6E18BE34-1CF5-48EA-9C47-F0E89A32E648}.Debug|Any CPU.ActiveCfg = Debug|Any CPU
		{6E18BE34-1CF5-48EA-9C47-F0E89A32E648}.Debug|Any CPU.Build.0 = Debug|Any CPU
		{6E18BE34-1CF5-48EA-9C47-F0E89A32E648}.Release|Any CPU.ActiveCfg = Release|Any CPU
		{6E18BE34-1CF5-48EA-9C47-F0E89A32E648}.Release|Any CPU.Build.0 = Release|Any CPU
	EndGlobalSection
EndGlobal
